
Microsoft Visual Studio Solution File, Format Version 12.00
# Visual Studio Version 17
VisualStudioVersion = 17.6.33829.357
MinimumVisualStudioVersion = 10.0.40219.1
Project("{9A19103F-16F7-4668-BE54-9A1E7A4F7556}") = "firstWebApi", "firstWebApi\firstWebApi.csproj", "{0374629B-E415-498F-BCB6-FF5FD8F50374}"
EndProject
Project("{9A19103F-16F7-4668-BE54-9A1E7A4F7556}") = "Repositories", "Repository\Repositories.csproj", "{0799063A-07C5-4AD1-A501-7C189A53D986}"
EndProject
Project("{9A19103F-16F7-4668-BE54-9A1E7A4F7556}") = "Entities", "Entities\Entities.csproj", "{3020B692-F12E-46B7-AFE2-01076EFBCC88}"
EndProject
Project("{9A19103F-16F7-4668-BE54-9A1E7A4F7556}") = "Services", "Service\Services.csproj", "{9CCEC181-9930-4880-8817-13B5EBE06C0F}"
EndProject
Project("{FAE04EC0-301F-11D3-BF4B-00C04F79EFBC}") = "DTO", "DTO\DTO.csproj", "{F9613E98-7627-494A-AE07-25B770F76962}"
EndProject
Global
	GlobalSection(SolutionConfigurationPlatforms) = preSolution
		Debug|Any CPU = Debug|Any CPU
		Release|Any CPU = Release|Any CPU
	EndGlobalSection
	GlobalSection(ProjectConfigurationPlatforms) = postSolution
		{0374629B-E415-498F-BCB6-FF5FD8F50374}.Debug|Any CPU.ActiveCfg = Debug|Any CPU
		{0374629B-E415-498F-BCB6-FF5FD8F50374}.Debug|Any CPU.Build.0 = Debug|Any CPU
		{0374629B-E415-498F-BCB6-FF5FD8F50374}.Release|Any CPU.ActiveCfg = Release|Any CPU
		{0374629B-E415-498F-BCB6-FF5FD8F50374}.Release|Any CPU.Build.0 = Release|Any CPU
		{0799063A-07C5-4AD1-A501-7C189A53D986}.Debug|Any CPU.ActiveCfg = Debug|Any CPU
		{0799063A-07C5-4AD1-A501-7C189A53D986}.Debug|Any CPU.Build.0 = Debug|Any CPU
		{0799063A-07C5-4AD1-A501-7C189A53D986}.Release|Any CPU.ActiveCfg = Release|Any CPU
		{0799063A-07C5-4AD1-A501-7C189A53D986}.Release|Any CPU.Build.0 = Release|Any CPU
		{3020B692-F12E-46B7-AFE2-01076EFBCC88}.Debug|Any CPU.ActiveCfg = Debug|Any CPU
		{3020B692-F12E-46B7-AFE2-01076EFBCC88}.Debug|Any CPU.Build.0 = Debug|Any CPU
		{3020B692-F12E-46B7-AFE2-01076EFBCC88}.Release|Any CPU.ActiveCfg = Release|Any CPU
		{3020B692-F12E-46B7-AFE2-01076EFBCC88}.Release|Any CPU.Build.0 = Release|Any CPU
		{9CCEC181-9930-4880-8817-13B5EBE06C0F}.Debug|Any CPU.ActiveCfg = Debug|Any CPU
		{9CCEC181-9930-4880-8817-13B5EBE06C0F}.Debug|Any CPU.Build.0 = Debug|Any CPU
		{9CCEC181-9930-4880-8817-13B5EBE06C0F}.Release|Any CPU.ActiveCfg = Release|Any CPU
		{9CCEC181-9930-4880-8817-13B5EBE06C0F}.Release|Any CPU.Build.0 = Release|Any CPU
		{F9613E98-7627-494A-AE07-25B770F76962}.Debug|Any CPU.ActiveCfg = Debug|Any CPU
		{F9613E98-7627-494A-AE07-25B770F76962}.Debug|Any CPU.Build.0 = Debug|Any CPU
		{F9613E98-7627-494A-AE07-25B770F76962}.Release|Any CPU.ActiveCfg = Release|Any CPU
		{F9613E98-7627-494A-AE07-25B770F76962}.Release|Any CPU.Build.0 = Release|Any CPU
	EndGlobalSection
	GlobalSection(SolutionProperties) = preSolution
		HideSolutionNode = FALSE
	EndGlobalSection
	GlobalSection(ExtensibilityGlobals) = postSolution
		SolutionGuid = {BD5359DE-06E1-4762-9C37-BB0E95A3A541}
	EndGlobalSection
EndGlobal
